
Microsoft Visual Studio Solution File, Format Version 12.00
# Visual Studio Version 16
VisualStudioVersion = 16.0.29009.5
MinimumVisualStudioVersion = 10.0.40219.1
Project("{FAE04EC0-301F-11D3-BF4B-00C04F79EFBC}") = "LifeQuantified", "LifeQuantified\LifeQuantified.csproj", "{8D182F0F-691D-4942-992B-6D9017957B72}"
EndProject
Global
	GlobalSection(SolutionConfigurationPlatforms) = preSolution
		Debug|Any CPU = Debug|Any CPU
		Release|Any CPU = Release|Any CPU
	EndGlobalSection
	GlobalSection(ProjectConfigurationPlatforms) = postSolution
		{8D182F0F-691D-4942-992B-6D9017957B72}.Debug|Any CPU.ActiveCfg = Debug|Any CPU
		{8D182F0F-691D-4942-992B-6D9017957B72}.Debug|Any CPU.Build.0 = Debug|Any CPU
		{8D182F0F-691D-4942-992B-6D9017957B72}.Debug|Any CPU.Deploy.0 = Debug|Any CPU
		{8D182F0F-691D-4942-992B-6D9017957B72}.Release|Any CPU.ActiveCfg = Release|Any CPU
		{8D182F0F-691D-4942-992B-6D9017957B72}.Release|Any CPU.Build.0 = Release|Any CPU
		{8D182F0F-691D-4942-992B-6D9017957B72}.Release|Any CPU.Deploy.0 = Release|Any CPU
	EndGlobalSection
	GlobalSection(SolutionProperties) = preSolution
		HideSolutionNode = FALSE
	EndGlobalSection
	GlobalSection(ExtensibilityGlobals) = postSolution
		SolutionGuid = {E793FC88-6BCA-4C3E-BE68-6767E21B0284}
	EndGlobalSection
EndGlobal
